{
  "name": "gas-sheetdb",
  "version": "0.0.1",
  "lockfileVersion": 3,
  "requires": true,
  "packages": {
    "": {
      "name": "gas-sheetdb",
      "version": "0.0.1",
      "license": "MIT",
      "devDependencies": {
        "@types/google-apps-script": "^2.0.9"
      },
      "engines": {
        "node": ">=20.0.0"
      }
    },
    "node_modules/@types/google-apps-script": {
      "version": "2.0.9",
      "resolved": "https://registry.npmjs.org/@types/google-apps-script/-/google-apps-script-2.0.9.tgz",
      "integrity": "sha512-HPkV46KuI4y/s7UsaPva9B2jljKGro9rPDuWSMQrOu6vW3ImRpRXrlBDi1m5ON/5gTqOGaFx1vXNfOHdw6j0OA==",
      "dev": true,
      "license": "MIT"
    }
  }
}
